PODS:
  - AFNetworking (2.6.3):
    - AFNetworking/NSURLConnection (= 2.6.3)
    - AFNetworking/NSURLSession (= 2.6.3)
    - AFNetworking/Reachability (= 2.6.3)
    - AFNetworking/Security (= 2.6.3)
    - AFNetworking/Serialization (= 2.6.3)
    - AFNetworking/UIKit (= 2.6.3)
  - AFNetworking/NSURLConnection (2.6.3):
    - AFNetworking/Reachability
    - AFNetworking/Security
    - AFNetworking/Serialization
  - AFNetworking/NSURLSession (2.6.3):
    - AFNetworking/Reachability
    - AFNetworking/Security
    - AFNetworking/Serialization
  - AFNetworking/Reachability (2.6.3)
  - AFNetworking/Security (2.6.3)
  - AFNetworking/Serialization (2.6.3)
  - AFNetworking/UIKit (2.6.3):
    - AFNetworking/NSURLConnection
    - AFNetworking/NSURLSession
  - Masonry (0.6.4)
  - MBCircularProgressBar (0.3.2)
  - MZTimerLabel (0.5.4)
  - UIAlertView+Blocks (0.8.1)

DEPENDENCIES:
  - AFNetworking (~> 2.4)
  - Masonry (~> 0.5)
  - MBCircularProgressBar
  - MZTimerLabel
  - UIAlertView+Blocks (~> 0.8.1)

SPEC CHECKSUMS:
  AFNetworking: cb8d14a848e831097108418f5d49217339d4eb60
  Masonry: 281802d04d787ea2973179ee8bcb50500579ede2
  MBCircularProgressBar: da24e75aa8a231564f10eb8d6d942fa78343486c
  MZTimerLabel: cd9bfb9304540ef2a9e163384fca9c978f0dbf83
  UIAlertView+Blocks: 45c3d3b7194906702d3e9a14c7ece5581505646d

PODFILE CHECKSUM: c6ad5475cd68ba7cb724e4fe2d184af07fe9592c

COCOAPODS: 1.3.1
