// !$*UTF8*$!
{
	archiveVersion = 1;
	classes = {
	};
	objectVersion = 46;
	objects = {

/* Begin PBXBuildFile section */
		3AD8F1431CEE4D6100C48237 /* main.m in Sources */ = {isa = PBXBuildFile; fileRef = 3AD8F1421CEE4D6100C48237 /* main.m */; };
		3AD8F1461CEE4D6100C48237 /* AppDelegate.m in Sources */ = {isa = PBXBuildFile; fileRef = 3AD8F1451CEE4D6100C48237 /* AppDelegate.m */; };
		3AD8F1491CEE4D6100C48237 /* MapViewController.m in Sources */ = {isa = PBXBuildFile; fileRef = 3AD8F1481CEE4D6100C48237 /* MapViewController.m */; };
		3AD8F14C1CEE4D6100C48237 /* SecondViewController.m in Sources */ = {isa = PBXBuildFile; fileRef = 3AD8F14B1CEE4D6100C48237 /* SecondViewController.m */; };
		3AD8F14F1CEE4D6100C48237 /* Main.storyboard in Resources */ = {isa = PBXBuildFile; fileRef = 3AD8F14D1CEE4D6100C48237 /* Main.storyboard */; };
		3AD8F1511CEE4D6100C48237 /* Assets.xcassets in Resources */ = {isa = PBXBuildFile; fileRef = 3AD8F1501CEE4D6100C48237 /* Assets.xcassets */; };
		3AD8F1541CEE4D6100C48237 /* LaunchScreen.storyboard in Resources */ = {isa = PBXBuildFile; fileRef = 3AD8F1521CEE4D6100C48237 /* LaunchScreen.storyboard */; };
		3AD8F15F1CEE4D6100C48237 /* TramChallengeTests.m in Sources */ = {isa = PBXBuildFile; fileRef = 3AD8F15E1CEE4D6100C48237 /* TramChallengeTests.m */; };
		3AD8F16A1CEE4D6100C48237 /* TramChallengeUITests.m in Sources */ = {isa = PBXBuildFile; fileRef = 3AD8F1691CEE4D6100C48237 /* TramChallengeUITests.m */; };
		3AD8F1781CEE5CA000C48237 /* MapKit.framework in Frameworks */ = {isa = PBXBuildFile; fileRef = 3AD8F1771CEE5CA000C48237 /* MapKit.framework */; };
		3AD8F1A81CF4DF8400C48237 /* RouteData.m in Sources */ = {isa = PBXBuildFile; fileRef = 3AD8F1A71CF4DF8400C48237 /* RouteData.m */; };
		3AD8F1B41CF4E19200C48237 /* 1A.coords.txt in Resources */ = {isa = PBXBuildFile; fileRef = 3AD8F1A91CF4E19200C48237 /* 1A.coords.txt */; };
		3AD8F1B51CF4E19200C48237 /* 2.coords.txt in Resources */ = {isa = PBXBuildFile; fileRef = 3AD8F1AA1CF4E19200C48237 /* 2.coords.txt */; };
		3AD8F1B61CF4E19200C48237 /* 3.coords.txt in Resources */ = {isa = PBXBuildFile; fileRef = 3AD8F1AB1CF4E19200C48237 /* 3.coords.txt */; };
		3AD8F1B71CF4E19200C48237 /* 4T.coords.txt in Resources */ = {isa = PBXBuildFile; fileRef = 3AD8F1AC1CF4E19200C48237 /* 4T.coords.txt */; };
		3AD8F1B81CF4E19200C48237 /* 5.coords.txt in Resources */ = {isa = PBXBuildFile; fileRef = 3AD8F1AD1CF4E19200C48237 /* 5.coords.txt */; };
		3AD8F1B91CF4E19200C48237 /* 6T.coords.txt in Resources */ = {isa = PBXBuildFile; fileRef = 3AD8F1AE1CF4E19200C48237 /* 6T.coords.txt */; };
		3AD8F1BA1CF4E19200C48237 /* 7A.coords.txt in Resources */ = {isa = PBXBuildFile; fileRef = 3AD8F1AF1CF4E19200C48237 /* 7A.coords.txt */; };
		3AD8F1BB1CF4E19200C48237 /* 7B.coords.txt in Resources */ = {isa = PBXBuildFile; fileRef = 3AD8F1B01CF4E19200C48237 /* 7B.coords.txt */; };
		3AD8F1BC1CF4E19200C48237 /* 8.coords.txt in Resources */ = {isa = PBXBuildFile; fileRef = 3AD8F1B11CF4E19200C48237 /* 8.coords.txt */; };
		3AD8F1BD1CF4E19200C48237 /* 9.coords.txt in Resources */ = {isa = PBXBuildFile; fileRef = 3AD8F1B21CF4E19200C48237 /* 9.coords.txt */; };
		3AD8F1BE1CF4E19200C48237 /* 10.coords.txt in Resources */ = {isa = PBXBuildFile; fileRef = 3AD8F1B31CF4E19200C48237 /* 10.coords.txt */; };
		3AD8F1C11CF8C23900C48237 /* TramLineSelectionViewController.m in Sources */ = {isa = PBXBuildFile; fileRef = 3AD8F1C01CF8C23900C48237 /* TramLineSelectionViewController.m */; };
		3AD8F1C41CF8C51A00C48237 /* TCUtilities.m in Sources */ = {isa = PBXBuildFile; fileRef = 3AD8F1C31CF8C51A00C48237 /* TCUtilities.m */; };
		3AD8F1C71CF8CA1B00C48237 /* CloudKit.framework in Frameworks */ = {isa = PBXBuildFile; fileRef = 3AD8F1C61CF8CA1B00C48237 /* CloudKit.framework */; };
		50A5568CA94E671B51E1FDCC /* libPods.a in Frameworks */ = {isa = PBXBuildFile; fileRef = 343F320E6F1C590334972EC0 /* libPods.a */; };
/* End PBXBuildFile section */

/* Begin PBXContainerItemProxy section */
		3AD8F15B1CEE4D6100C48237 /* PBXContainerItemProxy */ = {
			isa = PBXContainerItemProxy;
			containerPortal = 3AD8F1361CEE4D6000C48237 /* Project object */;
			proxyType = 1;
			remoteGlobalIDString = 3AD8F13D1CEE4D6100C48237;
			remoteInfo = TramChallenge;
		};
		3AD8F1661CEE4D6100C48237 /* PBXContainerItemProxy */ = {
			isa = PBXContainerItemProxy;
			containerPortal = 3AD8F1361CEE4D6000C48237 /* Project object */;
			proxyType = 1;
			remoteGlobalIDString = 3AD8F13D1CEE4D6100C48237;
			remoteInfo = TramChallenge;
		};
/* End PBXContainerItemProxy section */

/* Begin PBXFileReference section */
		343F320E6F1C590334972EC0 /* libPods.a */ = {isa = PBXFileReference; explicitFileType = archive.ar; includeInIndex = 0; path = libPods.a; sourceTree = BUILT_PRODUCTS_DIR; };
		3AD8F13E1CEE4D6100C48237 /* TramChallenge.app */ = {isa = PBXFileReference; explicitFileType = wrapper.application; includeInIndex = 0; path = TramChallenge.app; sourceTree = BUILT_PRODUCTS_DIR; };
		3AD8F1421CEE4D6100C48237 /* main.m */ = {isa = PBXFileReference; lastKnownFileType = sourcecode.c.objc; path = main.m; sourceTree = "<group>"; };
		3AD8F1441CEE4D6100C48237 /* AppDelegate.h */ = {isa = PBXFileReference; lastKnownFileType = sourcecode.c.h; path = AppDelegate.h; sourceTree = "<group>"; };
		3AD8F1451CEE4D6100C48237 /* AppDelegate.m */ = {isa = PBXFileReference; lastKnownFileType = sourcecode.c.objc; path = AppDelegate.m; sourceTree = "<group>"; };
		3AD8F1471CEE4D6100C48237 /* MapViewController.h */ = {isa = PBXFileReference; lastKnownFileType = sourcecode.c.h; path = MapViewController.h; sourceTree = "<group>"; };
		3AD8F1481CEE4D6100C48237 /* MapViewController.m */ = {isa = PBXFileReference; lastKnownFileType = sourcecode.c.objc; path = MapViewController.m; sourceTree = "<group>"; };
		3AD8F14A1CEE4D6100C48237 /* SecondViewController.h */ = {isa = PBXFileReference; lastKnownFileType = sourcecode.c.h; path = SecondViewController.h; sourceTree = "<group>"; };
		3AD8F14B1CEE4D6100C48237 /* SecondViewController.m */ = {isa = PBXFileReference; lastKnownFileType = sourcecode.c.objc; path = SecondViewController.m; sourceTree = "<group>"; };
		3AD8F14E1CEE4D6100C48237 /* Base */ = {isa = PBXFileReference; lastKnownFileType = file.storyboard; name = Base; path = Base.lproj/Main.storyboard; sourceTree = "<group>"; };
		3AD8F1501CEE4D6100C48237 /* Assets.xcassets */ = {isa = PBXFileReference; lastKnownFileType = folder.assetcatalog; path = Assets.xcassets; sourceTree = "<group>"; };
		3AD8F1531CEE4D6100C48237 /* Base */ = {isa = PBXFileReference; lastKnownFileType = file.storyboard; name = Base; path = Base.lproj/LaunchScreen.storyboard; sourceTree = "<group>"; };
		3AD8F1551CEE4D6100C48237 /* Info.plist */ = {isa = PBXFileReference; lastKnownFileType = text.plist.xml; path = Info.plist; sourceTree = "<group>"; };
		3AD8F15A1CEE4D6100C48237 /* TramChallengeTests.xctest */ = {isa = PBXFileReference; explicitFileType = wrapper.cfbundle; includeInIndex = 0; path = TramChallengeTests.xctest; sourceTree = BUILT_PRODUCTS_DIR; };
		3AD8F15E1CEE4D6100C48237 /* TramChallengeTests.m */ = {isa = PBXFileReference; lastKnownFileType = sourcecode.c.objc; path = TramChallengeTests.m; sourceTree = "<group>"; };
		3AD8F1601CEE4D6100C48237 /* Info.plist */ = {isa = PBXFileReference; lastKnownFileType = text.plist.xml; path = Info.plist; sourceTree = "<group>"; };
		3AD8F1651CEE4D6100C48237 /* TramChallengeUITests.xctest */ = {isa = PBXFileReference; explicitFileType = wrapper.cfbundle; includeInIndex = 0; path = TramChallengeUITests.xctest; sourceTree = BUILT_PRODUCTS_DIR; };
		3AD8F1691CEE4D6100C48237 /* TramChallengeUITests.m */ = {isa = PBXFileReference; lastKnownFileType = sourcecode.c.objc; path = TramChallengeUITests.m; sourceTree = "<group>"; };
		3AD8F16B1CEE4D6100C48237 /* Info.plist */ = {isa = PBXFileReference; lastKnownFileType = text.plist.xml; path = Info.plist; sourceTree = "<group>"; };
		3AD8F1771CEE5CA000C48237 /* MapKit.framework */ = {isa = PBXFileReference; lastKnownFileType = wrapper.framework; name = MapKit.framework; path = System/Library/Frameworks/MapKit.framework; sourceTree = SDKROOT; };
		3AD8F1A61CF4DF8400C48237 /* RouteData.h */ = {isa = PBXFileReference; fileEncoding = 4; lastKnownFileType = sourcecode.c.h; path = RouteData.h; sourceTree = "<group>"; };
		3AD8F1A71CF4DF8400C48237 /* RouteData.m */ = {isa = PBXFileReference; fileEncoding = 4; lastKnownFileType = sourcecode.c.objc; path = RouteData.m; sourceTree = "<group>"; };
		3AD8F1A91CF4E19200C48237 /* 1A.coords.txt */ = {isa = PBXFileReference; lastKnownFileType = text; path = 1A.coords.txt; sourceTree = "<group>"; };
		3AD8F1AA1CF4E19200C48237 /* 2.coords.txt */ = {isa = PBXFileReference; lastKnownFileType = text; path = 2.coords.txt; sourceTree = "<group>"; };
		3AD8F1AB1CF4E19200C48237 /* 3.coords.txt */ = {isa = PBXFileReference; lastKnownFileType = text; path = 3.coords.txt; sourceTree = "<group>"; };
		3AD8F1AC1CF4E19200C48237 /* 4T.coords.txt */ = {isa = PBXFileReference; lastKnownFileType = text; path = 4T.coords.txt; sourceTree = "<group>"; };
		3AD8F1AD1CF4E19200C48237 /* 5.coords.txt */ = {isa = PBXFileReference; lastKnownFileType = text; path = 5.coords.txt; sourceTree = "<group>"; };
		3AD8F1AE1CF4E19200C48237 /* 6T.coords.txt */ = {isa = PBXFileReference; lastKnownFileType = text; path = 6T.coords.txt; sourceTree = "<group>"; };
		3AD8F1AF1CF4E19200C48237 /* 7A.coords.txt */ = {isa = PBXFileReference; lastKnownFileType = text; path = 7A.coords.txt; sourceTree = "<group>"; };
		3AD8F1B01CF4E19200C48237 /* 7B.coords.txt */ = {isa = PBXFileReference; lastKnownFileType = text; path = 7B.coords.txt; sourceTree = "<group>"; };
		3AD8F1B11CF4E19200C48237 /* 8.coords.txt */ = {isa = PBXFileReference; lastKnownFileType = text; path = 8.coords.txt; sourceTree = "<group>"; };
		3AD8F1B21CF4E19200C48237 /* 9.coords.txt */ = {isa = PBXFileReference; lastKnownFileType = text; path = 9.coords.txt; sourceTree = "<group>"; };
		3AD8F1B31CF4E19200C48237 /* 10.coords.txt */ = {isa = PBXFileReference; lastKnownFileType = text; path = 10.coords.txt; sourceTree = "<group>"; };
		3AD8F1BF1CF8C23900C48237 /* TramLineSelectionViewController.h */ = {isa = PBXFileReference; fileEncoding = 4; lastKnownFileType = sourcecode.c.h; path = TramLineSelectionViewController.h; sourceTree = "<group>"; };
		3AD8F1C01CF8C23900C48237 /* TramLineSelectionViewController.m */ = {isa = PBXFileReference; fileEncoding = 4; lastKnownFileType = sourcecode.c.objc; path = TramLineSelectionViewController.m; sourceTree = "<group>"; };
		3AD8F1C21CF8C51A00C48237 /* TCUtilities.h */ = {isa = PBXFileReference; fileEncoding = 4; lastKnownFileType = sourcecode.c.h; path = TCUtilities.h; sourceTree = "<group>"; };
		3AD8F1C31CF8C51A00C48237 /* TCUtilities.m */ = {isa = PBXFileReference; fileEncoding = 4; lastKnownFileType = sourcecode.c.objc; path = TCUtilities.m; sourceTree = "<group>"; };
		3AD8F1C51CF8C9FC00C48237 /* TramChallenge.entitlements */ = {isa = PBXFileReference; lastKnownFileType = text.xml; path = TramChallenge.entitlements; sourceTree = "<group>"; };
		3AD8F1C61CF8CA1B00C48237 /* CloudKit.framework */ = {isa = PBXFileReference; lastKnownFileType = wrapper.framework; name = CloudKit.framework; path = System/Library/Frameworks/CloudKit.framework; sourceTree = SDKROOT; };
		500634BA753A63420011A134 /* Pods.debug.xcconfig */ = {isa = PBXFileReference; includeInIndex = 1; lastKnownFileType = text.xcconfig; name = Pods.debug.xcconfig; path = "Pods/Target Support Files/Pods/Pods.debug.xcconfig"; sourceTree = "<group>"; };
		5FA47513F05A4FAA4BA7CD43 /* Pods.release.xcconfig */ = {isa = PBXFileReference; includeInIndex = 1; lastKnownFileType = text.xcconfig; name = Pods.release.xcconfig; path = "Pods/Target Support Files/Pods/Pods.release.xcconfig"; sourceTree = "<group>"; };
/* End PBXFileReference section */

/* Begin PBXFrameworksBuildPhase section */
		3AD8F13B1CEE4D6100C48237 /* Frameworks */ = {
			isa = PBXFrameworksBuildPhase;
			buildActionMask = 2147483647;
			files = (
				3AD8F1C71CF8CA1B00C48237 /* CloudKit.framework in Frameworks */,
				3AD8F1781CEE5CA000C48237 /* MapKit.framework in Frameworks */,
				50A5568CA94E671B51E1FDCC /* libPods.a in Frameworks */,
			);
			runOnlyForDeploymentPostprocessing = 0;
		};
		3AD8F1571CEE4D6100C48237 /* Frameworks */ = {
			isa = PBXFrameworksBuildPhase;
			buildActionMask = 2147483647;
			files = (
			);
			runOnlyForDeploymentPostprocessing = 0;
		};
		3AD8F1621CEE4D6100C48237 /* Frameworks */ = {
			isa = PBXFrameworksBuildPhase;
			buildActionMask = 2147483647;
			files = (
			);
			runOnlyForDeploymentPostprocessing = 0;
		};
/* End PBXFrameworksBuildPhase section */

/* Begin PBXGroup section */
		3AD8F1351CEE4D6000C48237 = {
			isa = PBXGroup;
			children = (
				3AD8F1791CF4DF1A00C48237 /* Data */,
				3AD8F1401CEE4D6100C48237 /* TramChallenge */,
				3AD8F15D1CEE4D6100C48237 /* TramChallengeTests */,
				3AD8F1681CEE4D6100C48237 /* TramChallengeUITests */,
				3AD8F13F1CEE4D6100C48237 /* Products */,
				47383C3A882B4581D000FA03 /* Pods */,
				C89E7406104B6BE82C72A3A0 /* Frameworks */,
			);
			sourceTree = "<group>";
		};
		3AD8F13F1CEE4D6100C48237 /* Products */ = {
			isa = PBXGroup;
			children = (
				3AD8F13E1CEE4D6100C48237 /* TramChallenge.app */,
				3AD8F15A1CEE4D6100C48237 /* TramChallengeTests.xctest */,
				3AD8F1651CEE4D6100C48237 /* TramChallengeUITests.xctest */,
			);
			name = Products;
			sourceTree = "<group>";
		};
		3AD8F1401CEE4D6100C48237 /* TramChallenge */ = {
			isa = PBXGroup;
			children = (
				3AD8F1C51CF8C9FC00C48237 /* TramChallenge.entitlements */,
				3AD8F1441CEE4D6100C48237 /* AppDelegate.h */,
				3AD8F1451CEE4D6100C48237 /* AppDelegate.m */,
				3AD8F1471CEE4D6100C48237 /* MapViewController.h */,
				3AD8F1481CEE4D6100C48237 /* MapViewController.m */,
				3AD8F1BF1CF8C23900C48237 /* TramLineSelectionViewController.h */,
				3AD8F1C01CF8C23900C48237 /* TramLineSelectionViewController.m */,
				3AD8F1C21CF8C51A00C48237 /* TCUtilities.h */,
				3AD8F1C31CF8C51A00C48237 /* TCUtilities.m */,
				3AD8F1A61CF4DF8400C48237 /* RouteData.h */,
				3AD8F1A71CF4DF8400C48237 /* RouteData.m */,
				3AD8F14A1CEE4D6100C48237 /* SecondViewController.h */,
				3AD8F14B1CEE4D6100C48237 /* SecondViewController.m */,
				3AD8F14D1CEE4D6100C48237 /* Main.storyboard */,
				3AD8F1501CEE4D6100C48237 /* Assets.xcassets */,
				3AD8F1521CEE4D6100C48237 /* LaunchScreen.storyboard */,
				3AD8F1551CEE4D6100C48237 /* Info.plist */,
				3AD8F1411CEE4D6100C48237 /* Supporting Files */,
			);
			path = TramChallenge;
			sourceTree = "<group>";
		};
		3AD8F1411CEE4D6100C48237 /* Supporting Files */ = {
			isa = PBXGroup;
			children = (
				3AD8F1421CEE4D6100C48237 /* main.m */,
			);
			name = "Supporting Files";
			sourceTree = "<group>";
		};
		3AD8F15D1CEE4D6100C48237 /* TramChallengeTests */ = {
			isa = PBXGroup;
			children = (
				3AD8F15E1CEE4D6100C48237 /* TramChallengeTests.m */,
				3AD8F1601CEE4D6100C48237 /* Info.plist */,
			);
			path = TramChallengeTests;
			sourceTree = "<group>";
		};
		3AD8F1681CEE4D6100C48237 /* TramChallengeUITests */ = {
			isa = PBXGroup;
			children = (
				3AD8F1691CEE4D6100C48237 /* TramChallengeUITests.m */,
				3AD8F16B1CEE4D6100C48237 /* Info.plist */,
			);
			path = TramChallengeUITests;
			sourceTree = "<group>";
		};
		3AD8F1791CF4DF1A00C48237 /* Data */ = {
			isa = PBXGroup;
			children = (
				3AD8F1A91CF4E19200C48237 /* 1A.coords.txt */,
				3AD8F1AA1CF4E19200C48237 /* 2.coords.txt */,
				3AD8F1AB1CF4E19200C48237 /* 3.coords.txt */,
				3AD8F1AC1CF4E19200C48237 /* 4T.coords.txt */,
				3AD8F1AD1CF4E19200C48237 /* 5.coords.txt */,
				3AD8F1AE1CF4E19200C48237 /* 6T.coords.txt */,
				3AD8F1AF1CF4E19200C48237 /* 7A.coords.txt */,
				3AD8F1B01CF4E19200C48237 /* 7B.coords.txt */,
				3AD8F1B11CF4E19200C48237 /* 8.coords.txt */,
				3AD8F1B21CF4E19200C48237 /* 9.coords.txt */,
				3AD8F1B31CF4E19200C48237 /* 10.coords.txt */,
			);
			name = Data;
			path = TramChallenge/Data;
			sourceTree = "<group>";
		};
		47383C3A882B4581D000FA03 /* Pods */ = {
			isa = PBXGroup;
			children = (
				500634BA753A63420011A134 /* Pods.debug.xcconfig */,
				5FA47513F05A4FAA4BA7CD43 /* Pods.release.xcconfig */,
			);
			name = Pods;
			sourceTree = "<group>";
		};
		C89E7406104B6BE82C72A3A0 /* Frameworks */ = {
			isa = PBXGroup;
			children = (
				3AD8F1C61CF8CA1B00C48237 /* CloudKit.framework */,
				3AD8F1771CEE5CA000C48237 /* MapKit.framework */,
				343F320E6F1C590334972EC0 /* libPods.a */,
			);
			name = Frameworks;
			sourceTree = "<group>";
		};
/* End PBXGroup section */

/* Begin PBXNativeTarget section */
		3AD8F13D1CEE4D6100C48237 /* TramChallenge */ = {
			isa = PBXNativeTarget;
			buildConfigurationList = 3AD8F16E1CEE4D6100C48237 /* Build configuration list for PBXNativeTarget "TramChallenge" */;
			buildPhases = (
				C5F90ACB452F036972C759DF /* Check Pods Manifest.lock */,
				3AD8F13A1CEE4D6100C48237 /* Sources */,
				3AD8F13B1CEE4D6100C48237 /* Frameworks */,
				3AD8F13C1CEE4D6100C48237 /* Resources */,
				FA627D55D10C1D63236E8AC1 /* Embed Pods Frameworks */,
				2AD2A88D7B060545702E132E /* Copy Pods Resources */,
			);
			buildRules = (
			);
			dependencies = (
			);
			name = TramChallenge;
			productName = TramChallenge;
			productReference = 3AD8F13E1CEE4D6100C48237 /* TramChallenge.app */;
			productType = "com.apple.product-type.application";
		};
		3AD8F1591CEE4D6100C48237 /* TramChallengeTests */ = {
			isa = PBXNativeTarget;
			buildConfigurationList = 3AD8F1711CEE4D6100C48237 /* Build configuration list for PBXNativeTarget "TramChallengeTests" */;
			buildPhases = (
				3AD8F1561CEE4D6100C48237 /* Sources */,
				3AD8F1571CEE4D6100C48237 /* Frameworks */,
				3AD8F1581CEE4D6100C48237 /* Resources */,
			);
			buildRules = (
			);
			dependencies = (
				3AD8F15C1CEE4D6100C48237 /* PBXTargetDependency */,
			);
			name = TramChallengeTests;
			productName = TramChallengeTests;
			productReference = 3AD8F15A1CEE4D6100C48237 /* TramChallengeTests.xctest */;
			productType = "com.apple.product-type.bundle.unit-test";
		};
		3AD8F1641CEE4D6100C48237 /* TramChallengeUITests */ = {
			isa = PBXNativeTarget;
			buildConfigurationList = 3AD8F1741CEE4D6100C48237 /* Build configuration list for PBXNativeTarget "TramChallengeUITests" */;
			buildPhases = (
				3AD8F1611CEE4D6100C48237 /* Sources */,
				3AD8F1621CEE4D6100C48237 /* Frameworks */,
				3AD8F1631CEE4D6100C48237 /* Resources */,
			);
			buildRules = (
			);
			dependencies = (
				3AD8F1671CEE4D6100C48237 /* PBXTargetDependency */,
			);
			name = TramChallengeUITests;
			productName = TramChallengeUITests;
			productReference = 3AD8F1651CEE4D6100C48237 /* TramChallengeUITests.xctest */;
			productType = "com.apple.product-type.bundle.ui-testing";
		};
/* End PBXNativeTarget section */

/* Begin PBXProject section */
		3AD8F1361CEE4D6000C48237 /* Project object */ = {
			isa = PBXProject;
			attributes = {
				LastUpgradeCheck = 0730;
				ORGANIZATIONNAME = Switchstep;
				TargetAttributes = {
					3AD8F13D1CEE4D6100C48237 = {
						CreatedOnToolsVersion = 7.3;
						DevelopmentTeam = ATQ7JK2L54;
						SystemCapabilities = {
							com.apple.Maps.iOS = {
								enabled = 1;
							};
							com.apple.iCloud = {
								enabled = 1;
							};
						};
					};
					3AD8F1591CEE4D6100C48237 = {
						CreatedOnToolsVersion = 7.3;
						TestTargetID = 3AD8F13D1CEE4D6100C48237;
					};
					3AD8F1641CEE4D6100C48237 = {
						CreatedOnToolsVersion = 7.3;
						TestTargetID = 3AD8F13D1CEE4D6100C48237;
					};
				};
			};
			buildConfigurationList = 3AD8F1391CEE4D6000C48237 /* Build configuration list for PBXProject "TramChallenge" */;
			compatibilityVersion = "Xcode 3.2";
			developmentRegion = English;
			hasScannedForEncodings = 0;
			knownRegions = (
				en,
				Base,
			);
			mainGroup = 3AD8F1351CEE4D6000C48237;
			productRefGroup = 3AD8F13F1CEE4D6100C48237 /* Products */;
			projectDirPath = "";
			projectRoot = "";
			targets = (
				3AD8F13D1CEE4D6100C48237 /* TramChallenge */,
				3AD8F1591CEE4D6100C48237 /* TramChallengeTests */,
				3AD8F1641CEE4D6100C48237 /* TramChallengeUITests */,
			);
		};
/* End PBXProject section */

/* Begin PBXResourcesBuildPhase section */
		3AD8F13C1CEE4D6100C48237 /* Resources */ = {
			isa = PBXResourcesBuildPhase;
			buildActionMask = 2147483647;
			files = (
				3AD8F1B41CF4E19200C48237 /* 1A.coords.txt in Resources */,
				3AD8F1B51CF4E19200C48237 /* 2.coords.txt in Resources */,
				3AD8F1B61CF4E19200C48237 /* 3.coords.txt in Resources */,
				3AD8F1B71CF4E19200C48237 /* 4T.coords.txt in Resources */,
				3AD8F1B81CF4E19200C48237 /* 5.coords.txt in Resources */,
				3AD8F1B91CF4E19200C48237 /* 6T.coords.txt in Resources */,
				3AD8F1BA1CF4E19200C48237 /* 7A.coords.txt in Resources */,
				3AD8F1BB1CF4E19200C48237 /* 7B.coords.txt in Resources */,
				3AD8F1BC1CF4E19200C48237 /* 8.coords.txt in Resources */,
				3AD8F1BD1CF4E19200C48237 /* 9.coords.txt in Resources */,
				3AD8F1BE1CF4E19200C48237 /* 10.coords.txt in Resources */,
				3AD8F1541CEE4D6100C48237 /* LaunchScreen.storyboard in Resources */,
				3AD8F1511CEE4D6100C48237 /* Assets.xcassets in Resources */,
				3AD8F14F1CEE4D6100C48237 /* Main.storyboard in Resources */,
			);
			runOnlyForDeploymentPostprocessing = 0;
		};
		3AD8F1581CEE4D6100C48237 /* Resources */ = {
			isa = PBXResourcesBuildPhase;
			buildActionMask = 2147483647;
			files = (
			);
			runOnlyForDeploymentPostprocessing = 0;
		};
		3AD8F1631CEE4D6100C48237 /* Resources */ = {
			isa = PBXResourcesBuildPhase;
			buildActionMask = 2147483647;
			files = (
			);
			runOnlyForDeploymentPostprocessing = 0;
		};
/* End PBXResourcesBuildPhase section */

/* Begin PBXShellScriptBuildPhase section */
		2AD2A88D7B060545702E132E /* Copy Pods Resources */ = {
			isa = PBXShellScriptBuildPhase;
			buildActionMask = 2147483647;
			files = (
			);
			inputPaths = (
			);
			name = "Copy Pods Resources";
			outputPaths = (
			);
			runOnlyForDeploymentPostprocessing = 0;
			shellPath = /bin/sh;
			shellScript = "\"${SRCROOT}/Pods/Target Support Files/Pods/Pods-resources.sh\"\n";
			showEnvVarsInLog = 0;
		};
		C5F90ACB452F036972C759DF /* Check Pods Manifest.lock */ = {
			isa = PBXShellScriptBuildPhase;
			buildActionMask = 2147483647;
			files = (
			);
			inputPaths = (
			);
			name = "Check Pods Manifest.lock";
			outputPaths = (
			);
			runOnlyForDeploymentPostprocessing = 0;
			shellPath = /bin/sh;
			shellScript = "diff \"${PODS_ROOT}/../Podfile.lock\" \"${PODS_ROOT}/Manifest.lock\" > /dev/null\nif [[ $? != 0 ]] ; then\n    cat << EOM\nerror: The sandbox is not in sync with the Podfile.lock. Run 'pod install' or update your CocoaPods installation.\nEOM\n    exit 1\nfi\n";
			showEnvVarsInLog = 0;
		};
		FA627D55D10C1D63236E8AC1 /* Embed Pods Frameworks */ = {
			isa = PBXShellScriptBuildPhase;
			buildActionMask = 2147483647;
			files = (
			);
			inputPaths = (
			);
			name = "Embed Pods Frameworks";
			outputPaths = (
			);
			runOnlyForDeploymentPostprocessing = 0;
			shellPath = /bin/sh;
			shellScript = "\"${SRCROOT}/Pods/Target Support Files/Pods/Pods-frameworks.sh\"\n";
			showEnvVarsInLog = 0;
		};
/* End PBXShellScriptBuildPhase section */

/* Begin PBXSourcesBuildPhase section */
		3AD8F13A1CEE4D6100C48237 /* Sources */ = {
			isa = PBXSourcesBuildPhase;
			buildActionMask = 2147483647;
			files = (
				3AD8F14C1CEE4D6100C48237 /* SecondViewController.m in Sources */,
				3AD8F1461CEE4D6100C48237 /* AppDelegate.m in Sources */,
				3AD8F1C41CF8C51A00C48237 /* TCUtilities.m in Sources */,
				3AD8F1A81CF4DF8400C48237 /* RouteData.m in Sources */,
				3AD8F1491CEE4D6100C48237 /* MapViewController.m in Sources */,
				3AD8F1431CEE4D6100C48237 /* main.m in Sources */,
				3AD8F1C11CF8C23900C48237 /* TramLineSelectionViewController.m in Sources */,
			);
			runOnlyForDeploymentPostprocessing = 0;
		};
		3AD8F1561CEE4D6100C48237 /* Sources */ = {
			isa = PBXSourcesBuildPhase;
			buildActionMask = 2147483647;
			files = (
				3AD8F15F1CEE4D6100C48237 /* TramChallengeTests.m in Sources */,
			);
			runOnlyForDeploymentPostprocessing = 0;
		};
		3AD8F1611CEE4D6100C48237 /* Sources */ = {
			isa = PBXSourcesBuildPhase;
			buildActionMask = 2147483647;
			files = (
				3AD8F16A1CEE4D6100C48237 /* TramChallengeUITests.m in Sources */,
			);
			runOnlyForDeploymentPostprocessing = 0;
		};
/* End PBXSourcesBuildPhase section */

/* Begin PBXTargetDependency section */
		3AD8F15C1CEE4D6100C48237 /* PBXTargetDependency */ = {
			isa = PBXTargetDependency;
			target = 3AD8F13D1CEE4D6100C48237 /* TramChallenge */;
			targetProxy = 3AD8F15B1CEE4D6100C48237 /* PBXContainerItemProxy */;
		};
		3AD8F1671CEE4D6100C48237 /* PBXTargetDependency */ = {
			isa = PBXTargetDependency;
			target = 3AD8F13D1CEE4D6100C48237 /* TramChallenge */;
			targetProxy = 3AD8F1661CEE4D6100C48237 /* PBXContainerItemProxy */;
		};
/* End PBXTargetDependency section */

/* Begin PBXVariantGroup section */
		3AD8F14D1CEE4D6100C48237 /* Main.storyboard */ = {
			isa = PBXVariantGroup;
			children = (
				3AD8F14E1CEE4D6100C48237 /* Base */,
			);
			name = Main.storyboard;
			sourceTree = "<group>";
		};
		3AD8F1521CEE4D6100C48237 /* LaunchScreen.storyboard */ = {
			isa = PBXVariantGroup;
			children = (
				3AD8F1531CEE4D6100C48237 /* Base */,
			);
			name = LaunchScreen.storyboard;
			sourceTree = "<group>";
		};
/* End PBXVariantGroup section */

/* Begin XCBuildConfiguration section */
		3AD8F16C1CEE4D6100C48237 /* Debug */ = {
			isa = XCBuildConfiguration;
			buildSettings = {
				ALWAYS_SEARCH_USER_PATHS = NO;
				CLANG_ANALYZER_NONNULL = YES;
				CLANG_CXX_LANGUAGE_STANDARD = "gnu++0x";
				CLANG_CXX_LIBRARY = "libc++";
				CLANG_ENABLE_MODULES = YES;
				CLANG_ENABLE_OBJC_ARC = YES;
				CLANG_WARN_BOOL_CONVERSION = YES;
				CLANG_WARN_CONSTANT_CONVERSION = YES;
				CLANG_WARN_DIRECT_OBJC_ISA_USAGE = YES_ERROR;
				CLANG_WARN_EMPTY_BODY = YES;
				CLANG_WARN_ENUM_CONVERSION = YES;
				CLANG_WARN_INT_CONVERSION = YES;
				CLANG_WARN_OBJC_ROOT_CLASS = YES_ERROR;
				CLANG_WARN_UNREACHABLE_CODE = YES;
				CLANG_WARN__DUPLICATE_METHOD_MATCH = YES;
				"CODE_SIGN_IDENTITY[sdk=iphoneos*]" = "iPhone Developer";
				COPY_PHASE_STRIP = NO;
				DEBUG_INFORMATION_FORMAT = dwarf;
				ENABLE_STRICT_OBJC_MSGSEND = YES;
				ENABLE_TESTABILITY = YES;
				GCC_C_LANGUAGE_STANDARD = gnu99;
				GCC_DYNAMIC_NO_PIC = NO;
				GCC_NO_COMMON_BLOCKS = YES;
				GCC_OPTIMIZATION_LEVEL = 0;
				GCC_PREPROCESSOR_DEFINITIONS = (
					"DEBUG=1",
					"$(inherited)",
				);
				GCC_WARN_64_TO_32_BIT_CONVERSION = YES;
				GCC_WARN_ABOUT_RETURN_TYPE = YES_ERROR;
				GCC_WARN_UNDECLARED_SELECTOR = YES;
				GCC_WARN_UNINITIALIZED_AUTOS = YES_AGGRESSIVE;
				GCC_WARN_UNUSED_FUNCTION = YES;
				GCC_WARN_UNUSED_VARIABLE = YES;
				IPHONEOS_DEPLOYMENT_TARGET = 9.3;
				MTL_ENABLE_DEBUG_INFO = YES;
				ONLY_ACTIVE_ARCH = YES;
				SDKROOT = iphoneos;
			};
			name = Debug;
		};
		3AD8F16D1CEE4D6100C48237 /* Release */ = {
			isa = XCBuildConfiguration;
			buildSettings = {
				ALWAYS_SEARCH_USER_PATHS = NO;
				CLANG_ANALYZER_NONNULL = YES;
				CLANG_CXX_LANGUAGE_STANDARD = "gnu++0x";
				CLANG_CXX_LIBRARY = "libc++";
				CLANG_ENABLE_MODULES = YES;
				CLANG_ENABLE_OBJC_ARC = YES;
				CLANG_WARN_BOOL_CONVERSION = YES;
				CLANG_WARN_CONSTANT_CONVERSION = YES;
				CLANG_WARN_DIRECT_OBJC_ISA_USAGE = YES_ERROR;
				CLANG_WARN_EMPTY_BODY = YES;
				CLANG_WARN_ENUM_CONVERSION = YES;
				CLANG_WARN_INT_CONVERSION = YES;
				CLANG_WARN_OBJC_ROOT_CLASS = YES_ERROR;
				CLANG_WARN_UNREACHABLE_CODE = YES;
				CLANG_WARN__DUPLICATE_METHOD_MATCH = YES;
				"CODE_SIGN_IDENTITY[sdk=iphoneos*]" = "iPhone Developer";
				COPY_PHASE_STRIP = NO;
				DEBUG_INFORMATION_FORMAT = "dwarf-with-dsym";
				ENABLE_NS_ASSERTIONS = NO;
				ENABLE_STRICT_OBJC_MSGSEND = YES;
				GCC_C_LANGUAGE_STANDARD = gnu99;
				GCC_NO_COMMON_BLOCKS = YES;
				GCC_WARN_64_TO_32_BIT_CONVERSION = YES;
				GCC_WARN_ABOUT_RETURN_TYPE = YES_ERROR;
				GCC_WARN_UNDECLARED_SELECTOR = YES;
				GCC_WARN_UNINITIALIZED_AUTOS = YES_AGGRESSIVE;
				GCC_WARN_UNUSED_FUNCTION = YES;
				GCC_WARN_UNUSED_VARIABLE = YES;
				IPHONEOS_DEPLOYMENT_TARGET = 9.3;
				MTL_ENABLE_DEBUG_INFO = NO;
				SDKROOT = iphoneos;
				VALIDATE_PRODUCT = YES;
			};
			name = Release;
		};
		3AD8F16F1CEE4D6100C48237 /* Debug */ = {
			isa = XCBuildConfiguration;
			baseConfigurationReference = 500634BA753A63420011A134 /* Pods.debug.xcconfig */;
			buildSettings = {
				ASSETCATALOG_COMPILER_APPICON_NAME = AppIcon;
				CODE_SIGN_ENTITLEMENTS = TramChallenge/TramChallenge.entitlements;
				CODE_SIGN_IDENTITY = "iPhone Developer";
				INFOPLIST_FILE = TramChallenge/Info.plist;
				LD_RUNPATH_SEARCH_PATHS = "$(inherited) @executable_path/Frameworks";
				PRODUCT_BUNDLE_IDENTIFIER = com.switchstep.TramChallenge;
				PRODUCT_NAME = "$(TARGET_NAME)";
			};
			name = Debug;
		};
		3AD8F1701CEE4D6100C48237 /* Release */ = {
			isa = XCBuildConfiguration;
			baseConfigurationReference = 5FA47513F05A4FAA4BA7CD43 /* Pods.release.xcconfig */;
			buildSettings = {
				ASSETCATALOG_COMPILER_APPICON_NAME = AppIcon;
				CODE_SIGN_ENTITLEMENTS = TramChallenge/TramChallenge.entitlements;
				CODE_SIGN_IDENTITY = "iPhone Developer";
				INFOPLIST_FILE = TramChallenge/Info.plist;
				LD_RUNPATH_SEARCH_PATHS = "$(inherited) @executable_path/Frameworks";
				PRODUCT_BUNDLE_IDENTIFIER = com.switchstep.TramChallenge;
				PRODUCT_NAME = "$(TARGET_NAME)";
			};
			name = Release;
		};
		3AD8F1721CEE4D6100C48237 /* Debug */ = {
			isa = XCBuildConfiguration;
			buildSettings = {
				BUNDLE_LOADER = "$(TEST_HOST)";
				INFOPLIST_FILE = TramChallengeTests/Info.plist;
				LD_RUNPATH_SEARCH_PATHS = "$(inherited) @executable_path/Frameworks @loader_path/Frameworks";
				PRODUCT_BUNDLE_IDENTIFIER = com.switchstep.TramChallengeTests;
				PRODUCT_NAME = "$(TARGET_NAME)";
				TEST_HOST = "$(BUILT_PRODUCTS_DIR)/TramChallenge.app/TramChallenge";
			};
			name = Debug;
		};
		3AD8F1731CEE4D6100C48237 /* Release */ = {
			isa = XCBuildConfiguration;
			buildSettings = {
				BUNDLE_LOADER = "$(TEST_HOST)";
				INFOPLIST_FILE = TramChallengeTests/Info.plist;
				LD_RUNPATH_SEARCH_PATHS = "$(inherited) @executable_path/Frameworks @loader_path/Frameworks";
				PRODUCT_BUNDLE_IDENTIFIER = com.switchstep.TramChallengeTests;
				PRODUCT_NAME = "$(TARGET_NAME)";
				TEST_HOST = "$(BUILT_PRODUCTS_DIR)/TramChallenge.app/TramChallenge";
			};
			name = Release;
		};
		3AD8F1751CEE4D6100C48237 /* Debug */ = {
			isa = XCBuildConfiguration;
			buildSettings = {
				INFOPLIST_FILE = TramChallengeUITests/Info.plist;
				LD_RUNPATH_SEARCH_PATHS = "$(inherited) @executable_path/Frameworks @loader_path/Frameworks";
				PRODUCT_BUNDLE_IDENTIFIER = com.switchstep.TramChallengeUITests;
				PRODUCT_NAME = "$(TARGET_NAME)";
				TEST_TARGET_NAME = TramChallenge;
			};
			name = Debug;
		};
		3AD8F1761CEE4D6100C48237 /* Release */ = {
			isa = XCBuildConfiguration;
			buildSettings = {
				INFOPLIST_FILE = TramChallengeUITests/Info.plist;
				LD_RUNPATH_SEARCH_PATHS = "$(inherited) @executable_path/Frameworks @loader_path/Frameworks";
				PRODUCT_BUNDLE_IDENTIFIER = com.switchstep.TramChallengeUITests;
				PRODUCT_NAME = "$(TARGET_NAME)";
				TEST_TARGET_NAME = TramChallenge;
			};
			name = Release;
		};
/* End XCBuildConfiguration section */

/* Begin XCConfigurationList section */
		3AD8F1391CEE4D6000C48237 /* Build configuration list for PBXProject "TramChallenge" */ = {
			isa = XCConfigurationList;
			buildConfigurations = (
				3AD8F16C1CEE4D6100C48237 /* Debug */,
				3AD8F16D1CEE4D6100C48237 /* Release */,
			);
			defaultConfigurationIsVisible = 0;
			defaultConfigurationName = Release;
		};
		3AD8F16E1CEE4D6100C48237 /* Build configuration list for PBXNativeTarget "TramChallenge" */ = {
			isa = XCConfigurationList;
			buildConfigurations = (
				3AD8F16F1CEE4D6100C48237 /* Debug */,
				3AD8F1701CEE4D6100C48237 /* Release */,
			);
			defaultConfigurationIsVisible = 0;
			defaultConfigurationName = Release;
		};
		3AD8F1711CEE4D6100C48237 /* Build configuration list for PBXNativeTarget "TramChallengeTests" */ = {
			isa = XCConfigurationList;
			buildConfigurations = (
				3AD8F1721CEE4D6100C48237 /* Debug */,
				3AD8F1731CEE4D6100C48237 /* Release */,
			);
			defaultConfigurationIsVisible = 0;
			defaultConfigurationName = Release;
		};
		3AD8F1741CEE4D6100C48237 /* Build configuration list for PBXNativeTarget "TramChallengeUITests" */ = {
			isa = XCConfigurationList;
			buildConfigurations = (
				3AD8F1751CEE4D6100C48237 /* Debug */,
				3AD8F1761CEE4D6100C48237 /* Release */,
			);
			defaultConfigurationIsVisible = 0;
			defaultConfigurationName = Release;
		};
/* End XCConfigurationList section */
	};
	rootObject = 3AD8F1361CEE4D6000C48237 /* Project object */;
}
